# THIS IS AN AUTOGENERATED FILE. DO NOT EDIT THIS FILE DIRECTLY.
# yarn lockfile v1


react-native-svg@^9.6.4:
  version "9.6.4"
  resolved "https://registry.yarnpkg.com/react-native-svg/-/react-native-svg-9.6.4.tgz#f9ceb228efd07317a5f9c378c6b9c5e13ff50cd0"
  integrity sha512-6SlbGx0vlXHyDPQXSpX+8o6bNjxKFNJsISoboAkR7YWW6hdnkMg/HJXCgT6oJC0/ClKtSO7ZPrQcK4HR65kDNg==

uuid@^3.3.3:
  version "3.3.3"
  resolved "https://registry.yarnpkg.com/uuid/-/uuid-3.3.3.tgz#4568f0216e78760ee1dbf3a4d2cf53e224112866"
  integrity sha512-pW0No1RGHgzlpHJO1nsVrHKpOEIxkGg1xB+v0ZmdNH5OAeAwzAVrCnI2/6Mtx+Uys6iaylxa+D3g4j63IKKjSQ==
